
Microsoft Visual Studio Solution File, Format Version 12.00
# Visual Studio Version 17
VisualStudioVersion = 17.7.34024.191
MinimumVisualStudioVersion = 10.0.40219.1
Project("{8BC9CEB8-8B4A-11D0-8D11-00A0C91BC942}") = "laba11", "laba11\laba11.vcxproj", "{A19DF795-6B7B-4BC7-8F9C-107C433AB7F7}"
EndProject
Global
	GlobalSection(SolutionConfigurationPlatforms) = preSolution
		Debug|x64 = Debug|x64
		Debug|x86 = Debug|x86
		Release|x64 = Release|x64
		Release|x86 = Release|x86
	EndGlobalSection
	GlobalSection(ProjectConfigurationPlatforms) = postSolution
		{A19DF795-6B7B-4BC7-8F9C-107C433AB7F7}.Debug|x64.ActiveCfg = Debug|x64
		{A19DF795-6B7B-4BC7-8F9C-107C433AB7F7}.Debug|x64.Build.0 = Debug|x64
		{A19DF795-6B7B-4BC7-8F9C-107C433AB7F7}.Debug|x86.ActiveCfg = Debug|Win32
		{A19DF795-6B7B-4BC7-8F9C-107C433AB7F7}.Debug|x86.Build.0 = Debug|Win32
		{A19DF795-6B7B-4BC7-8F9C-107C433AB7F7}.Release|x64.ActiveCfg = Release|x64
		{A19DF795-6B7B-4BC7-8F9C-107C433AB7F7}.Release|x64.Build.0 = Release|x64
		{A19DF795-6B7B-4BC7-8F9C-107C433AB7F7}.Release|x86.ActiveCfg = Release|Win32
		{A19DF795-6B7B-4BC7-8F9C-107C433AB7F7}.Release|x86.Build.0 = Release|Win32
	EndGlobalSection
	GlobalSection(SolutionProperties) = preSolution
		HideSolutionNode = FALSE
	EndGlobalSection
	GlobalSection(ExtensibilityGlobals) = postSolution
		SolutionGuid = {7E01947D-91C2-49F4-A123-265D7EDA9081}
	EndGlobalSection
EndGlobal
